
Microsoft Visual Studio Solution File, Format Version 12.00
# Visual Studio Version 16
VisualStudioVersion = 16.0.30611.23
MinimumVisualStudioVersion = 10.0.40219.1
Project("{FAE04EC0-301F-11D3-BF4B-00C04F79EFBC}") = "Cabrera_Registration Prototype", "Cabrera_Registration Prototype.csproj", "{7A2EAFFC-21E2-40F1-BABB-D9C05A30CB92}"
EndProject
Global
	GlobalSection(SolutionConfigurationPlatforms) = preSolution
		Debug|Any CPU = Debug|Any CPU
		Release|Any CPU = Release|Any CPU
	EndGlobalSection
	GlobalSection(ProjectConfigurationPlatforms) = postSolution
		{7A2EAFFC-21E2-40F1-BABB-D9C05A30CB92}.Debug|Any CPU.ActiveCfg = Debug|Any CPU
		{7A2EAFFC-21E2-40F1-BABB-D9C05A30CB92}.Debug|Any CPU.Build.0 = Debug|Any CPU
		{7A2EAFFC-21E2-40F1-BABB-D9C05A30CB92}.Release|Any CPU.ActiveCfg = Release|Any CPU
		{7A2EAFFC-21E2-40F1-BABB-D9C05A30CB92}.Release|Any CPU.Build.0 = Release|Any CPU
	EndGlobalSection
	GlobalSection(SolutionProperties) = preSolution
		HideSolutionNode = FALSE
	EndGlobalSection
	GlobalSection(ExtensibilityGlobals) = postSolution
		SolutionGuid = {B7CDFFD8-2946-468F-BF3E-BF92B9704312}
	EndGlobalSection
EndGlobal
